
Microsoft Visual Studio Solution File, Format Version 12.00
# Visual Studio Version 16
VisualStudioVersion = 16.0.32228.343
MinimumVisualStudioVersion = 10.0.40219.1
Project("{FAE04EC0-301F-11D3-BF4B-00C04F79EFBC}") = "KinhMat_Client", "KinhMat_Client\KinhMat_Client.csproj", "{5779CD6F-31BE-4E4F-8AE9-1750B257469C}"
	ProjectSection(ProjectDependencies) = postProject
		{5F68C254-EE72-41C3-B142-CBCFC067FA54} = {5F68C254-EE72-41C3-B142-CBCFC067FA54}
	EndProjectSection
EndProject
Project("{FAE04EC0-301F-11D3-BF4B-00C04F79EFBC}") = "KinhMat_Server", "KinhMat_Server\KinhMat_Server.csproj", "{5F68C254-EE72-41C3-B142-CBCFC067FA54}"
EndProject
Global
	GlobalSection(SolutionConfigurationPlatforms) = preSolution
		Debug|Any CPU = Debug|Any CPU
		Release|Any CPU = Release|Any CPU
	EndGlobalSection
	GlobalSection(ProjectConfigurationPlatforms) = postSolution
		{5779CD6F-31BE-4E4F-8AE9-1750B257469C}.Debug|Any CPU.ActiveCfg = Debug|Any CPU
		{5779CD6F-31BE-4E4F-8AE9-1750B257469C}.Debug|Any CPU.Build.0 = Debug|Any CPU
		{5779CD6F-31BE-4E4F-8AE9-1750B257469C}.Release|Any CPU.ActiveCfg = Release|Any CPU
		{5779CD6F-31BE-4E4F-8AE9-1750B257469C}.Release|Any CPU.Build.0 = Release|Any CPU
		{5F68C254-EE72-41C3-B142-CBCFC067FA54}.Debug|Any CPU.ActiveCfg = Debug|Any CPU
		{5F68C254-EE72-41C3-B142-CBCFC067FA54}.Debug|Any CPU.Build.0 = Debug|Any CPU
		{5F68C254-EE72-41C3-B142-CBCFC067FA54}.Release|Any CPU.ActiveCfg = Release|Any CPU
		{5F68C254-EE72-41C3-B142-CBCFC067FA54}.Release|Any CPU.Build.0 = Release|Any CPU
	EndGlobalSection
	GlobalSection(SolutionProperties) = preSolution
		HideSolutionNode = FALSE
	EndGlobalSection
	GlobalSection(ExtensibilityGlobals) = postSolution
		SolutionGuid = {4B78B740-42BD-4F8C-A69B-616622AC8A47}
	EndGlobalSection
EndGlobal
